// !$*UTF8*$!
{
	archiveVersion = 1;
	classes = {
	};
	objectVersion = 48;
	objects = {

/* Begin PBXBuildFile section */
		027F71EE1FAEBBBF00034B19 /* AppDelegate.swift in Sources */ = {isa = PBXBuildFile; fileRef = 027F71ED1FAEBBBF00034B19 /* AppDelegate.swift */; };
		027F71F01FAEBBC000034B19 /* ViewController.swift in Sources */ = {isa = PBXBuildFile; fileRef = 027F71EF1FAEBBC000034B19 /* ViewController.swift */; };
		027F71F31FAEBBC000034B19 /* Main.storyboard in Resources */ = {isa = PBXBuildFile; fileRef = 027F71F11FAEBBC000034B19 /* Main.storyboard */; };
		027F71F51FAEBBC000034B19 /* Assets.xcassets in Resources */ = {isa = PBXBuildFile; fileRef = 027F71F41FAEBBC000034B19 /* Assets.xcassets */; };
		027F71F81FAEBBC000034B19 /* LaunchScreen.storyboard in Resources */ = {isa = PBXBuildFile; fileRef = 027F71F61FAEBBC000034B19 /* LaunchScreen.storyboard */; };
		027F72031FAEBBC000034B19 /* HwSProject39Tests.swift in Sources */ = {isa = PBXBuildFile; fileRef = 027F72021FAEBBC000034B19 /* HwSProject39Tests.swift */; };
		027F720E1FAEBBC000034B19 /* HwSProject39UITests.swift in Sources */ = {isa = PBXBuildFile; fileRef = 027F720D1FAEBBC000034B19 /* HwSProject39UITests.swift */; };
/* End PBXBuildFile section */

/* Begin PBXContainerItemProxy section */
		027F71FF1FAEBBC000034B19 /* PBXContainerItemProxy */ = {
			isa = PBXContainerItemProxy;
			containerPortal = 027F71E21FAEBBBF00034B19 /* Project object */;
			proxyType = 1;
			remoteGlobalIDString = 027F71E91FAEBBBF00034B19;
			remoteInfo = HwSProject39;
		};
		027F720A1FAEBBC000034B19 /* PBXContainerItemProxy */ = {
			isa = PBXContainerItemProxy;
			containerPortal = 027F71E21FAEBBBF00034B19 /* Project object */;
			proxyType = 1;
			remoteGlobalIDString = 027F71E91FAEBBBF00034B19;
			remoteInfo = HwSProject39;
		};
/* End PBXContainerItemProxy section */

/* Begin PBXFileReference section */
		027F71EA1FAEBBBF00034B19 /* HwSProject39.app */ = {isa = PBXFileReference; explicitFileType = wrapper.application; includeInIndex = 0; path = HwSProject39.app; sourceTree = BUILT_PRODUCTS_DIR; };
		027F71ED1FAEBBBF00034B19 /* AppDelegate.swift */ = {isa = PBXFileReference; lastKnownFileType = sourcecode.swift; path = AppDelegate.swift; sourceTree = "<group>"; };
		027F71EF1FAEBBC000034B19 /* ViewController.swift */ = {isa = PBXFileReference; lastKnownFileType = sourcecode.swift; path = ViewController.swift; sourceTree = "<group>"; };
		027F71F21FAEBBC000034B19 /* Base */ = {isa = PBXFileReference; lastKnownFileType = file.storyboard; name = Base; path = Base.lproj/Main.storyboard; sourceTree = "<group>"; };
		027F71F41FAEBBC000034B19 /* Assets.xcassets */ = {isa = PBXFileReference; lastKnownFileType = folder.assetcatalog; path = Assets.xcassets; sourceTree = "<group>"; };
		027F71F71FAEBBC000034B19 /* Base */ = {isa = PBXFileReference; lastKnownFileType = file.storyboard; name = Base; path = Base.lproj/LaunchScreen.storyboard; sourceTree = "<group>"; };
		027F71F91FAEBBC000034B19 /* Info.plist */ = {isa = PBXFileReference; lastKnownFileType = text.plist.xml; path = Info.plist; sourceTree = "<group>"; };
		027F71FE1FAEBBC000034B19 /* HwSProject39Tests.xctest */ = {isa = PBXFileReference; explicitFileType = wrapper.cfbundle; includeInIndex = 0; path = HwSProject39Tests.xctest; sourceTree = BUILT_PRODUCTS_DIR; };
		027F72021FAEBBC000034B19 /* HwSProject39Tests.swift */ = {isa = PBXFileReference; lastKnownFileType = sourcecode.swift; path = HwSProject39Tests.swift; sourceTree = "<group>"; };
		027F72041FAEBBC000034B19 /* Info.plist */ = {isa = PBXFileReference; lastKnownFileType = text.plist.xml; path = Info.plist; sourceTree = "<group>"; };
		027F72091FAEBBC000034B19 /* HwSProject39UITests.xctest */ = {isa = PBXFileReference; explicitFileType = wrapper.cfbundle; includeInIndex = 0; path = HwSProject39UITests.xctest; sourceTree = BUILT_PRODUCTS_DIR; };
		027F720D1FAEBBC000034B19 /* HwSProject39UITests.swift */ = {isa = PBXFileReference; lastKnownFileType = sourcecode.swift; path = HwSProject39UITests.swift; sourceTree = "<group>"; };
		027F720F1FAEBBC000034B19 /* Info.plist */ = {isa = PBXFileReference; lastKnownFileType = text.plist.xml; path = Info.plist; sourceTree = "<group>"; };
/* End PBXFileReference section */

/* Begin PBXFrameworksBuildPhase section */
		027F71E71FAEBBBF00034B19 /* Frameworks */ = {
			isa = PBXFrameworksBuildPhase;
			buildActionMask = 2147483647;
			files = (
			);
			runOnlyForDeploymentPostprocessing = 0;
		};
		027F71FB1FAEBBC000034B19 /* Frameworks */ = {
			isa = PBXFrameworksBuildPhase;
			buildActionMask = 2147483647;
			files = (
			);
			runOnlyForDeploymentPostprocessing = 0;
		};
		027F72061FAEBBC000034B19 /* Frameworks */ = {
			isa = PBXFrameworksBuildPhase;
			buildActionMask = 2147483647;
			files = (
			);
			runOnlyForDeploymentPostprocessing = 0;
		};
/* End PBXFrameworksBuildPhase section */

/* Begin PBXGroup section */
		027F71E11FAEBBBF00034B19 = {
			isa = PBXGroup;
			children = (
				027F71EC1FAEBBBF00034B19 /* HwSProject39 */,
				027F72011FAEBBC000034B19 /* HwSProject39Tests */,
				027F720C1FAEBBC000034B19 /* HwSProject39UITests */,
				027F71EB1FAEBBBF00034B19 /* Products */,
			);
			sourceTree = "<group>";
		};
		027F71EB1FAEBBBF00034B19 /* Products */ = {
			isa = PBXGroup;
			children = (
				027F71EA1FAEBBBF00034B19 /* HwSProject39.app */,
				027F71FE1FAEBBC000034B19 /* HwSProject39Tests.xctest */,
				027F72091FAEBBC000034B19 /* HwSProject39UITests.xctest */,
			);
			name = Products;
			sourceTree = "<group>";
		};
		027F71EC1FAEBBBF00034B19 /* HwSProject39 */ = {
			isa = PBXGroup;
			children = (
				027F71ED1FAEBBBF00034B19 /* AppDelegate.swift */,
				027F71EF1FAEBBC000034B19 /* ViewController.swift */,
				027F71F11FAEBBC000034B19 /* Main.storyboard */,
				027F71F41FAEBBC000034B19 /* Assets.xcassets */,
				027F71F61FAEBBC000034B19 /* LaunchScreen.storyboard */,
				027F71F91FAEBBC000034B19 /* Info.plist */,
			);
			path = HwSProject39;
			sourceTree = "<group>";
		};
		027F72011FAEBBC000034B19 /* HwSProject39Tests */ = {
			isa = PBXGroup;
			children = (
				027F72021FAEBBC000034B19 /* HwSProject39Tests.swift */,
				027F72041FAEBBC000034B19 /* Info.plist */,
			);
			path = HwSProject39Tests;
			sourceTree = "<group>";
		};
		027F720C1FAEBBC000034B19 /* HwSProject39UITests */ = {
			isa = PBXGroup;
			children = (
				027F720D1FAEBBC000034B19 /* HwSProject39UITests.swift */,
				027F720F1FAEBBC000034B19 /* Info.plist */,
			);
			path = HwSProject39UITests;
			sourceTree = "<group>";
		};
/* End PBXGroup section */

/* Begin PBXNativeTarget section */
		027F71E91FAEBBBF00034B19 /* HwSProject39 */ = {
			isa = PBXNativeTarget;
			buildConfigurationList = 027F72121FAEBBC000034B19 /* Build configuration list for PBXNativeTarget "HwSProject39" */;
			buildPhases = (
				027F71E61FAEBBBF00034B19 /* Sources */,
				027F71E71FAEBBBF00034B19 /* Frameworks */,
				027F71E81FAEBBBF00034B19 /* Resources */,
			);
			buildRules = (
			);
			dependencies = (
			);
			name = HwSProject39;
			productName = HwSProject39;
			productReference = 027F71EA1FAEBBBF00034B19 /* HwSProject39.app */;
			productType = "com.apple.product-type.application";
		};
		027F71FD1FAEBBC000034B19 /* HwSProject39Tests */ = {
			isa = PBXNativeTarget;
			buildConfigurationList = 027F72151FAEBBC000034B19 /* Build configuration list for PBXNativeTarget "HwSProject39Tests" */;
			buildPhases = (
				027F71FA1FAEBBC000034B19 /* Sources */,
				027F71FB1FAEBBC000034B19 /* Frameworks */,
				027F71FC1FAEBBC000034B19 /* Resources */,
			);
			buildRules = (
			);
			dependencies = (
				027F72001FAEBBC000034B19 /* PBXTargetDependency */,
			);
			name = HwSProject39Tests;
			productName = HwSProject39Tests;
			productReference = 027F71FE1FAEBBC000034B19 /* HwSProject39Tests.xctest */;
			productType = "com.apple.product-type.bundle.unit-test";
		};
		027F72081FAEBBC000034B19 /* HwSProject39UITests */ = {
			isa = PBXNativeTarget;
			buildConfigurationList = 027F72181FAEBBC000034B19 /* Build configuration list for PBXNativeTarget "HwSProject39UITests" */;
			buildPhases = (
				027F72051FAEBBC000034B19 /* Sources */,
				027F72061FAEBBC000034B19 /* Frameworks */,
				027F72071FAEBBC000034B19 /* Resources */,
			);
			buildRules = (
			);
			dependencies = (
				027F720B1FAEBBC000034B19 /* PBXTargetDependency */,
			);
			name = HwSProject39UITests;
			productName = HwSProject39UITests;
			productReference = 027F72091FAEBBC000034B19 /* HwSProject39UITests.xctest */;
			productType = "com.apple.product-type.bundle.ui-testing";
		};
/* End PBXNativeTarget section */

/* Begin PBXProject section */
		027F71E21FAEBBBF00034B19 /* Project object */ = {
			isa = PBXProject;
			attributes = {
				LastSwiftUpdateCheck = 0910;
				LastUpgradeCheck = 0910;
				ORGANIZATIONNAME = "Skyler Svendsen";
				TargetAttributes = {
					027F71E91FAEBBBF00034B19 = {
						CreatedOnToolsVersion = 9.1;
						ProvisioningStyle = Automatic;
					};
					027F71FD1FAEBBC000034B19 = {
						CreatedOnToolsVersion = 9.1;
						ProvisioningStyle = Automatic;
						TestTargetID = 027F71E91FAEBBBF00034B19;
					};
					027F72081FAEBBC000034B19 = {
						CreatedOnToolsVersion = 9.1;
						ProvisioningStyle = Automatic;
						TestTargetID = 027F71E91FAEBBBF00034B19;
					};
				};
			};
			buildConfigurationList = 027F71E51FAEBBBF00034B19 /* Build configuration list for PBXProject "HwSProject39" */;
			compatibilityVersion = "Xcode 8.0";
			developmentRegion = en;
			hasScannedForEncodings = 0;
			knownRegions = (
				en,
				Base,
			);
			mainGroup = 027F71E11FAEBBBF00034B19;
			productRefGroup = 027F71EB1FAEBBBF00034B19 /* Products */;
			projectDirPath = "";
			projectRoot = "";
			targets = (
				027F71E91FAEBBBF00034B19 /* HwSProject39 */,
				027F71FD1FAEBBC000034B19 /* HwSProject39Tests */,
				027F72081FAEBBC000034B19 /* HwSProject39UITests */,
			);
		};
/* End PBXProject section */

/* Begin PBXResourcesBuildPhase section */
		027F71E81FAEBBBF00034B19 /* Resources */ = {
			isa = PBXResourcesBuildPhase;
			buildActionMask = 2147483647;
			files = (
				027F71F81FAEBBC000034B19 /* LaunchScreen.storyboard in Resources */,
				027F71F51FAEBBC000034B19 /* Assets.xcassets in Resources */,
				027F71F31FAEBBC000034B19 /* Main.storyboard in Resources */,
			);
			runOnlyForDeploymentPostprocessing = 0;
		};
		027F71FC1FAEBBC000034B19 /* Resources */ = {
			isa = PBXResourcesBuildPhase;
			buildActionMask = 2147483647;
			files = (
			);
			runOnlyForDeploymentPostprocessing = 0;
		};
		027F72071FAEBBC000034B19 /* Resources */ = {
			isa = PBXResourcesBuildPhase;
			buildActionMask = 2147483647;
			files = (
			);
			runOnlyForDeploymentPostprocessing = 0;
		};
/* End PBXResourcesBuildPhase section */

/* Begin PBXSourcesBuildPhase section */
		027F71E61FAEBBBF00034B19 /* Sources */ = {
			isa = PBXSourcesBuildPhase;
			buildActionMask = 2147483647;
			files = (
				027F71F01FAEBBC000034B19 /* ViewController.swift in Sources */,
				027F71EE1FAEBBBF00034B19 /* AppDelegate.swift in Sources */,
			);
			runOnlyForDeploymentPostprocessing = 0;
		};
		027F71FA1FAEBBC000034B19 /* Sources */ = {
			isa = PBXSourcesBuildPhase;
			buildActionMask = 2147483647;
			files = (
				027F72031FAEBBC000034B19 /* HwSProject39Tests.swift in Sources */,
			);
			runOnlyForDeploymentPostprocessing = 0;
		};
		027F72051FAEBBC000034B19 /* Sources */ = {
			isa = PBXSourcesBuildPhase;
			buildActionMask = 2147483647;
			files = (
				027F720E1FAEBBC000034B19 /* HwSProject39UITests.swift in Sources */,
			);
			runOnlyForDeploymentPostprocessing = 0;
		};
/* End PBXSourcesBuildPhase section */

/* Begin PBXTargetDependency section */
		027F72001FAEBBC000034B19 /* PBXTargetDependency */ = {
			isa = PBXTargetDependency;
			target = 027F71E91FAEBBBF00034B19 /* HwSProject39 */;
			targetProxy = 027F71FF1FAEBBC000034B19 /* PBXContainerItemProxy */;
		};
		027F720B1FAEBBC000034B19 /* PBXTargetDependency */ = {
			isa = PBXTargetDependency;
			target = 027F71E91FAEBBBF00034B19 /* HwSProject39 */;
			targetProxy = 027F720A1FAEBBC000034B19 /* PBXContainerItemProxy */;
		};
/* End PBXTargetDependency section */

/* Begin PBXVariantGroup section */
		027F71F11FAEBBC000034B19 /* Main.storyboard */ = {
			isa = PBXVariantGroup;
			children = (
				027F71F21FAEBBC000034B19 /* Base */,
			);
			name = Main.storyboard;
			sourceTree = "<group>";
		};
		027F71F61FAEBBC000034B19 /* LaunchScreen.storyboard */ = {
			isa = PBXVariantGroup;
			children = (
				027F71F71FAEBBC000034B19 /* Base */,
			);
			name = LaunchScreen.storyboard;
			sourceTree = "<group>";
		};
/* End PBXVariantGroup section */

/* Begin XCBuildConfiguration section */
		027F72101FAEBBC000034B19 /* Debug */ = {
			isa = XCBuildConfiguration;
			buildSettings = {
				ALWAYS_SEARCH_USER_PATHS = NO;
				CLANG_ANALYZER_NONNULL = YES;
				CLANG_ANALYZER_NUMBER_OBJECT_CONVERSION = YES_AGGRESSIVE;
				CLANG_CXX_LANGUAGE_STANDARD = "gnu++14";
				CLANG_CXX_LIBRARY = "libc++";
				CLANG_ENABLE_MODULES = YES;
				CLANG_ENABLE_OBJC_ARC = YES;
				CLANG_WARN_BLOCK_CAPTURE_AUTORELEASING = YES;
				CLANG_WARN_BOOL_CONVERSION = YES;
				CLANG_WARN_COMMA = YES;
				CLANG_WARN_CONSTANT_CONVERSION = YES;
				CLANG_WARN_DIRECT_OBJC_ISA_USAGE = YES_ERROR;
				CLANG_WARN_DOCUMENTATION_COMMENTS = YES;
				CLANG_WARN_EMPTY_BODY = YES;
				CLANG_WARN_ENUM_CONVERSION = YES;
				CLANG_WARN_INFINITE_RECURSION = YES;
				CLANG_WARN_INT_CONVERSION = YES;
				CLANG_WARN_NON_LITERAL_NULL_CONVERSION = YES;
				CLANG_WARN_OBJC_LITERAL_CONVERSION = YES;
				CLANG_WARN_OBJC_ROOT_CLASS = YES_ERROR;
				CLANG_WARN_RANGE_LOOP_ANALYSIS = YES;
				CLANG_WARN_STRICT_PROTOTYPES = YES;
				CLANG_WARN_SUSPICIOUS_MOVE = YES;
				CLANG_WARN_UNGUARDED_AVAILABILITY = YES_AGGRESSIVE;
				CLANG_WARN_UNREACHABLE_CODE = YES;
				CLANG_WARN__DUPLICATE_METHOD_MATCH = YES;
				CODE_SIGN_IDENTITY = "iPhone Developer";
				COPY_PHASE_STRIP = NO;
				DEBUG_INFORMATION_FORMAT = dwarf;
				ENABLE_STRICT_OBJC_MSGSEND = YES;
				ENABLE_TESTABILITY = YES;
				GCC_C_LANGUAGE_STANDARD = gnu11;
				GCC_DYNAMIC_NO_PIC = NO;
				GCC_NO_COMMON_BLOCKS = YES;
				GCC_OPTIMIZATION_LEVEL = 0;
				GCC_PREPROCESSOR_DEFINITIONS = (
					"DEBUG=1",
					"$(inherited)",
				);
				GCC_WARN_64_TO_32_BIT_CONVERSION = YES;
				GCC_WARN_ABOUT_RETURN_TYPE = YES_ERROR;
				GCC_WARN_UNDECLARED_SELECTOR = YES;
				GCC_WARN_UNINITIALIZED_AUTOS = YES_AGGRESSIVE;
				GCC_WARN_UNUSED_FUNCTION = YES;
				GCC_WARN_UNUSED_VARIABLE = YES;
				IPHONEOS_DEPLOYMENT_TARGET = 11.1;
				MTL_ENABLE_DEBUG_INFO = YES;
				ONLY_ACTIVE_ARCH = YES;
				SDKROOT = iphoneos;
				SWIFT_ACTIVE_COMPILATION_CONDITIONS = DEBUG;
				SWIFT_OPTIMIZATION_LEVEL = "-Onone";
			};
			name = Debug;
		};
		027F72111FAEBBC000034B19 /* Release */ = {
			isa = XCBuildConfiguration;
			buildSettings = {
				ALWAYS_SEARCH_USER_PATHS = NO;
				CLANG_ANALYZER_NONNULL = YES;
				CLANG_ANALYZER_NUMBER_OBJECT_CONVERSION = YES_AGGRESSIVE;
				CLANG_CXX_LANGUAGE_STANDARD = "gnu++14";
				CLANG_CXX_LIBRARY = "libc++";
				CLANG_ENABLE_MODULES = YES;
				CLANG_ENABLE_OBJC_ARC = YES;
				CLANG_WARN_BLOCK_CAPTURE_AUTORELEASING = YES;
				CLANG_WARN_BOOL_CONVERSION = YES;
				CLANG_WARN_COMMA = YES;
				CLANG_WARN_CONSTANT_CONVERSION = YES;
				CLANG_WARN_DIRECT_OBJC_ISA_USAGE = YES_ERROR;
				CLANG_WARN_DOCUMENTATION_COMMENTS = YES;
				CLANG_WARN_EMPTY_BODY = YES;
				CLANG_WARN_ENUM_CONVERSION = YES;
				CLANG_WARN_INFINITE_RECURSION = YES;
				CLANG_WARN_INT_CONVERSION = YES;
				CLANG_WARN_NON_LITERAL_NULL_CONVERSION = YES;
				CLANG_WARN_OBJC_LITERAL_CONVERSION = YES;
				CLANG_WARN_OBJC_ROOT_CLASS = YES_ERROR;
				CLANG_WARN_RANGE_LOOP_ANALYSIS = YES;
				CLANG_WARN_STRICT_PROTOTYPES = YES;
				CLANG_WARN_SUSPICIOUS_MOVE = YES;
				CLANG_WARN_UNGUARDED_AVAILABILITY = YES_AGGRESSIVE;
				CLANG_WARN_UNREACHABLE_CODE = YES;
				CLANG_WARN__DUPLICATE_METHOD_MATCH = YES;
				CODE_SIGN_IDENTITY = "iPhone Developer";
				COPY_PHASE_STRIP = NO;
				DEBUG_INFORMATION_FORMAT = "dwarf-with-dsym";
				ENABLE_NS_ASSERTIONS = NO;
				ENABLE_STRICT_OBJC_MSGSEND = YES;
				GCC_C_LANGUAGE_STANDARD = gnu11;
				GCC_NO_COMMON_BLOCKS = YES;
				GCC_WARN_64_TO_32_BIT_CONVERSION = YES;
				GCC_WARN_ABOUT_RETURN_TYPE = YES_ERROR;
				GCC_WARN_UNDECLARED_SELECTOR = YES;
				GCC_WARN_UNINITIALIZED_AUTOS = YES_AGGRESSIVE;
				GCC_WARN_UNUSED_FUNCTION = YES;
				GCC_WARN_UNUSED_VARIABLE = YES;
				IPHONEOS_DEPLOYMENT_TARGET = 11.1;
				MTL_ENABLE_DEBUG_INFO = NO;
				SDKROOT = iphoneos;
				SWIFT_OPTIMIZATION_LEVEL = "-Owholemodule";
				VALIDATE_PRODUCT = YES;
			};
			name = Release;
		};
		027F72131FAEBBC000034B19 /* Debug */ = {
			isa = XCBuildConfiguration;
			buildSettings = {
				ASSETCATALOG_COMPILER_APPICON_NAME = AppIcon;
				CODE_SIGN_STYLE = Automatic;
				DEVELOPMENT_TEAM = XF4U8W5J97;
				INFOPLIST_FILE = HwSProject39/Info.plist;
				LD_RUNPATH_SEARCH_PATHS = "$(inherited) @executable_path/Frameworks";
				PRODUCT_BUNDLE_IDENTIFIER = SkylerSvendsen.HwSProject39;
				PRODUCT_NAME = "$(TARGET_NAME)";
				SWIFT_VERSION = 4.0;
				TARGETED_DEVICE_FAMILY = "1,2";
			};
			name = Debug;
		};
		027F72141FAEBBC000034B19 /* Release */ = {
			isa = XCBuildConfiguration;
			buildSettings = {
				ASSETCATALOG_COMPILER_APPICON_NAME = AppIcon;
				CODE_SIGN_STYLE = Automatic;
				DEVELOPMENT_TEAM = XF4U8W5J97;
				INFOPLIST_FILE = HwSProject39/Info.plist;
				LD_RUNPATH_SEARCH_PATHS = "$(inherited) @executable_path/Frameworks";
				PRODUCT_BUNDLE_IDENTIFIER = SkylerSvendsen.HwSProject39;
				PRODUCT_NAME = "$(TARGET_NAME)";
				SWIFT_VERSION = 4.0;
				TARGETED_DEVICE_FAMILY = "1,2";
			};
			name = Release;
		};
		027F72161FAEBBC000034B19 /* Debug */ = {
			isa = XCBuildConfiguration;
			buildSettings = {
				ALWAYS_EMBED_SWIFT_STANDARD_LIBRARIES = YES;
				BUNDLE_LOADER = "$(TEST_HOST)";
				CODE_SIGN_STYLE = Automatic;
				DEVELOPMENT_TEAM = XF4U8W5J97;
				INFOPLIST_FILE = HwSProject39Tests/Info.plist;
				LD_RUNPATH_SEARCH_PATHS = "$(inherited) @executable_path/Frameworks @loader_path/Frameworks";
				PRODUCT_BUNDLE_IDENTIFIER = SkylerSvendsen.HwSProject39Tests;
				PRODUCT_NAME = "$(TARGET_NAME)";
				SWIFT_VERSION = 4.0;
				TARGETED_DEVICE_FAMILY = "1,2";
				TEST_HOST = "$(BUILT_PRODUCTS_DIR)/HwSProject39.app/HwSProject39";
			};
			name = Debug;
		};
		027F72171FAEBBC000034B19 /* Release */ = {
			isa = XCBuildConfiguration;
			buildSettings = {
				ALWAYS_EMBED_SWIFT_STANDARD_LIBRARIES = YES;
				BUNDLE_LOADER = "$(TEST_HOST)";
				CODE_SIGN_STYLE = Automatic;
				DEVELOPMENT_TEAM = XF4U8W5J97;
				INFOPLIST_FILE = HwSProject39Tests/Info.plist;
				LD_RUNPATH_SEARCH_PATHS = "$(inherited) @executable_path/Frameworks @loader_path/Frameworks";
				PRODUCT_BUNDLE_IDENTIFIER = SkylerSvendsen.HwSProject39Tests;
				PRODUCT_NAME = "$(TARGET_NAME)";
				SWIFT_VERSION = 4.0;
				TARGETED_DEVICE_FAMILY = "1,2";
				TEST_HOST = "$(BUILT_PRODUCTS_DIR)/HwSProject39.app/HwSProject39";
			};
			name = Release;
		};
		027F72191FAEBBC000034B19 /* Debug */ = {
			isa = XCBuildConfiguration;
			buildSettings = {
				ALWAYS_EMBED_SWIFT_STANDARD_LIBRARIES = YES;
				CODE_SIGN_STYLE = Automatic;
				DEVELOPMENT_TEAM = XF4U8W5J97;
				INFOPLIST_FILE = HwSProject39UITests/Info.plist;
				LD_RUNPATH_SEARCH_PATHS = "$(inherited) @executable_path/Frameworks @loader_path/Frameworks";
				PRODUCT_BUNDLE_IDENTIFIER = SkylerSvendsen.HwSProject39UITests;
				PRODUCT_NAME = "$(TARGET_NAME)";
				SWIFT_VERSION = 4.0;
				TARGETED_DEVICE_FAMILY = "1,2";
				TEST_TARGET_NAME = HwSProject39;
			};
			name = Debug;
		};
		027F721A1FAEBBC000034B19 /* Release */ = {
			isa = XCBuildConfiguration;
			buildSettings = {
				ALWAYS_EMBED_SWIFT_STANDARD_LIBRARIES = YES;
				CODE_SIGN_STYLE = Automatic;
				DEVELOPMENT_TEAM = XF4U8W5J97;
				INFOPLIST_FILE = HwSProject39UITests/Info.plist;
				LD_RUNPATH_SEARCH_PATHS = "$(inherited) @executable_path/Frameworks @loader_path/Frameworks";
				PRODUCT_BUNDLE_IDENTIFIER = SkylerSvendsen.HwSProject39UITests;
				PRODUCT_NAME = "$(TARGET_NAME)";
				SWIFT_VERSION = 4.0;
				TARGETED_DEVICE_FAMILY = "1,2";
				TEST_TARGET_NAME = HwSProject39;
			};
			name = Release;
		};
/* End XCBuildConfiguration section */

/* Begin XCConfigurationList section */
		027F71E51FAEBBBF00034B19 /* Build configuration list for PBXProject "HwSProject39" */ = {
			isa = XCConfigurationList;
			buildConfigurations = (
				027F72101FAEBBC000034B19 /* Debug */,
				027F72111FAEBBC000034B19 /* Release */,
			);
			defaultConfigurationIsVisible = 0;
			defaultConfigurationName = Release;
		};
		027F72121FAEBBC000034B19 /* Build configuration list for PBXNativeTarget "HwSProject39" */ = {
			isa = XCConfigurationList;
			buildConfigurations = (
				027F72131FAEBBC000034B19 /* Debug */,
				027F72141FAEBBC000034B19 /* Release */,
			);
			defaultConfigurationIsVisible = 0;
			defaultConfigurationName = Release;
		};
		027F72151FAEBBC000034B19 /* Build configuration list for PBXNativeTarget "HwSProject39Tests" */ = {
			isa = XCConfigurationList;
			buildConfigurations = (
				027F72161FAEBBC000034B19 /* Debug */,
				027F72171FAEBBC000034B19 /* Release */,
			);
			defaultConfigurationIsVisible = 0;
			defaultConfigurationName = Release;
		};
		027F72181FAEBBC000034B19 /* Build configuration list for PBXNativeTarget "HwSProject39UITests" */ = {
			isa = XCConfigurationList;
			buildConfigurations = (
				027F72191FAEBBC000034B19 /* Debug */,
				027F721A1FAEBBC000034B19 /* Release */,
			);
			defaultConfigurationIsVisible = 0;
			defaultConfigurationName = Release;
		};
/* End XCConfigurationList section */
	};
	rootObject = 027F71E21FAEBBBF00034B19 /* Project object */;
}
